// !TEMPLATE project.pbxproj for tkp (fixed Info.plist duplication)
// NOTE: Replace your existing tkp.xcodeproj/project.pbxproj with this

{
	archiveVersion = 1;
	classes = {};
	objectVersion = 55;
	objects = {

/* Begin PBXBuildFile section */
		1A1A1A001 /* tkpApp.swift in Sources */ = {isa = PBXBuildFile; fileRef = 1A1A1A100 /* tkpApp.swift */; };
		1A1A1A002 /* ContentView.swift in Sources */ = {isa = PBXBuildFile; fileRef = 1A1A1A101 /* ContentView.swift */; };
		1A1A1A003 /* PlayerViewController.swift in Sources */ = {isa = PBXBuildFile; fileRef = 1A1A1A102 /* PlayerViewController.swift */; };
/* End PBXBuildFile section */

/* Begin PBXFileReference section */
		1A1A1A100 /* tkpApp.swift */ = {isa = PBXFileReference; lastKnownFileType = sourcecode.swift; path = tkpApp.swift; sourceTree = "<group>"; };
		1A1A1A101 /* ContentView.swift */ = {isa = PBXFileReference; lastKnownFileType = sourcecode.swift; path = ContentView.swift; sourceTree = "<group>"; };
		1A1A1A102 /* PlayerViewController.swift */ = {isa = PBXFileReference; lastKnownFileType = sourcecode.swift; path = PlayerViewController.swift; sourceTree = "<group>"; };
		1A1A1A103 /* Info.plist */ = {isa = PBXFileReference; lastKnownFileType = text.plist.xml; path = Info.plist; sourceTree = "<group>"; };
/* End PBXFileReference section */

/* Begin PBXGroup section */
		1A1A1AF00 /* Project */ = {
			isa = PBXGroup;
			children = (
				1A1A1AF01 /* tkp */,
			);
			sourceTree = "<group>";
		};

		1A1A1AF01 /* tkp */ = {
			isa = PBXGroup;
			children = (
				1A1A1A100 /* tkpApp.swift */,
				1A1A1A101 /* ContentView.swift */,
				1A1A1A102 /* PlayerViewController.swift */,
				1A1A1A103 /* Info.plist */,
			);
			path = tkp;
			sourceTree = "<group>";
		};
/* End PBXGroup section */

/* Begin PBXNativeTarget section */
		1A1A1A200 /* tkp */ = {
			isa = PBXNativeTarget;
			buildConfigurationList = 1A1A1A300 /* Build configuration list */;
			buildPhases = (
				1A1A1A400 /* Sources */,
				1A1A1A401 /* Frameworks */,
				1A1A1A402 /* Resources */, // Info.plist NOT included here anymore
			);
			buildRules = ();
			dependencies = ();
			name = tkp;
			productName = tkp;
			productReference = 1A1A1A500 /* tkp.app */;
			productType = "com.apple.product-type.application";
		};
/* End PBXNativeTarget section */

/* Begin PBXFileReference section (product) */
		1A1A1A500 /* tkp.app */ = {isa = PBXFileReference; explicitFileType = wrapper.application; path = tkp.app; sourceTree = BUILT_PRODUCTS_DIR; };
/* End product */

/* Begin PBXFrameworksBuildPhase section */
		1A1A1A401 /* Frameworks */ = {
			isa = PBXFrameworksBuildPhase;
			buildActionMask = 2147483647;
			files = ();
			runOnlyForDeploymentPostprocessing = 0;
		};
/* End PBXFrameworksBuildPhase section */

/* Begin PBXSourcesBuildPhase section */
		1A1A1A400 /* Sources */ = {
			isa = PBXSourcesBuildPhase;
			buildActionMask = 2147483647;
			files = (
				1A1A1A001 /* tkpApp.swift in Sources */,
				1A1A1A002 /* ContentView.swift in Sources */,
				1A1A1A003 /* PlayerViewController.swift in Sources */,
			);
			runOnlyForDeploymentPostprocessing = 0;
		};
/* End PBXSourcesBuildPhase section */

/* Begin PBXResourcesBuildPhase section */
		1A1A1A402 /* Resources */ = {
			isa = PBXResourcesBuildPhase;
			buildActionMask = 2147483647;
			files = ();
			runOnlyForDeploymentPostprocessing = 0;
		};
/* End PBXResourcesBuildPhase section */

/* Begin XCBuildConfiguration section */
		1A1A1A301 /* Debug */ = {
			isa = XCBuildConfiguration;
			buildSettings = {
				PRODUCT_NAME = tkp;
				INFOPLIST_FILE = tkp/Info.plist;
				SWIFT_VERSION = 5.0;
				IPHONEOS_DEPLOYMENT_TARGET = 15.0;
			};
			name = Debug;
		};

		1A1A1A302 /* Release */ = {
			isa = XCBuildConfiguration;
			buildSettings = {
				PRODUCT_NAME = tkp;
				INFOPLIST_FILE = tkp/Info.plist;
				SWIFT_VERSION = 5.0;
				IPHONEOS_DEPLOYMENT_TARGET = 15.0;
			};
			name = Release;
		};
/* End XCBuildConfiguration section */

/* Begin XCConfigurationList section */
		1A1A1A300 /* Build configuration list */ = {
			isa = XCConfigurationList;
			buildConfigurations = (
				1A1A1A301 /* Debug */,
				1A1A1A302 /* Release */,
			);
			defaultConfigurationIsVisible = 0;
			defaultConfigurationName = Release;
		};
/* End XCConfigurationList section */

	};
	rootObject = 1A1A1AF00 /* Project */;
}
